// !$*UTF8*$!
{
	archiveVersion = 1;
	classes = {
	};
	objectVersion = 50;
	objects = {

/* Begin PBXBuildFile section */
		562E7EE822515E7500D576F8 /* Podcast.swift in Sources */ = {isa = PBXBuildFile; fileRef = 562E7EE722515E7500D576F8 /* Podcast.swift */; };
		563D8EA8228460E300F2A6CA /* EpisodesController.swift in Sources */ = {isa = PBXBuildFile; fileRef = 563D8EA7228460E300F2A6CA /* EpisodesController.swift */; };
		563DE3FC2286021B002AAB8A /* Episode.swift in Sources */ = {isa = PBXBuildFile; fileRef = 563DE3FB2286021B002AAB8A /* Episode.swift */; };
		563DE3FF2286035E002AAB8A /* EpisodeCell.swift in Sources */ = {isa = PBXBuildFile; fileRef = 563DE3FD2286035E002AAB8A /* EpisodeCell.swift */; };
		563DE4002286035E002AAB8A /* EpisodeCell.xib in Resources */ = {isa = PBXBuildFile; fileRef = 563DE3FE2286035E002AAB8A /* EpisodeCell.xib */; };
		563DE40222862D73002AAB8A /* RSSFeed.swift in Sources */ = {isa = PBXBuildFile; fileRef = 563DE40122862D73002AAB8A /* RSSFeed.swift */; };
		5645FAE4228701E0002740D1 /* PlayerDetailsView.xib in Resources */ = {isa = PBXBuildFile; fileRef = 5645FAE3228701E0002740D1 /* PlayerDetailsView.xib */; };
		5645FAE6228705F0002740D1 /* PlayerDetailsView.swift in Sources */ = {isa = PBXBuildFile; fileRef = 5645FAE5228705F0002740D1 /* PlayerDetailsView.swift */; };
		5648056922667F3E008CAD73 /* APIServices.swift in Sources */ = {isa = PBXBuildFile; fileRef = 5648056822667F3E008CAD73 /* APIServices.swift */; };
		5648056C226683BA008CAD73 /* PodcastCell.xib in Resources */ = {isa = PBXBuildFile; fileRef = 5648056B226683BA008CAD73 /* PodcastCell.xib */; };
		5648056E22668723008CAD73 /* PodcastCell.swift in Sources */ = {isa = PBXBuildFile; fileRef = 5648056D22668723008CAD73 /* PodcastCell.swift */; };
		565A11CA22B033C40077996D /* FavoritesController.swift in Sources */ = {isa = PBXBuildFile; fileRef = 565A11C922B033C40077996D /* FavoritesController.swift */; };
		565A11CE22B046420077996D /* FavoritePodcastCellCollectionViewCell.swift in Sources */ = {isa = PBXBuildFile; fileRef = 565A11CD22B046420077996D /* FavoritePodcastCellCollectionViewCell.swift */; };
		566B0FDD22B646A700097A70 /* DownloadsController.swift in Sources */ = {isa = PBXBuildFile; fileRef = 566B0FDC22B646A700097A70 /* DownloadsController.swift */; };
		566B0FDF22B65E2400097A70 /* PSearchController.swift in Sources */ = {isa = PBXBuildFile; fileRef = 566B0FDE22B65E2400097A70 /* PSearchController.swift */; };
		56DB88F6224966E6000F7D3C /* AppDelegate.swift in Sources */ = {isa = PBXBuildFile; fileRef = 56DB88F5224966E6000F7D3C /* AppDelegate.swift */; };
		56DB88FD224966E8000F7D3C /* Assets.xcassets in Resources */ = {isa = PBXBuildFile; fileRef = 56DB88FC224966E8000F7D3C /* Assets.xcassets */; };
		56DB8900224966E8000F7D3C /* LaunchScreen.storyboard in Resources */ = {isa = PBXBuildFile; fileRef = 56DB88FE224966E8000F7D3C /* LaunchScreen.storyboard */; };
		56DB89082249674F000F7D3C /* TabBarController.swift in Sources */ = {isa = PBXBuildFile; fileRef = 56DB89072249674F000F7D3C /* TabBarController.swift */; };
		56F4E6E122C94BFE00E02892 /* PlaceholderView.swift in Sources */ = {isa = PBXBuildFile; fileRef = 56F4E6E022C94BFE00E02892 /* PlaceholderView.swift */; };
		56FC323E22651B3E008E5DD7 /* SUtils.swift in Sources */ = {isa = PBXBuildFile; fileRef = 56FC323D22651B3E008E5DD7 /* SUtils.swift */; };
		AACD116CAFC13F12A38FA032 /* Pods_PodcastsApp.framework in Frameworks */ = {isa = PBXBuildFile; fileRef = D629AF9AC10498D8C87924D2 /* Pods_PodcastsApp.framework */; };
/* End PBXBuildFile section */

/* Begin PBXFileReference section */
		562E7EE722515E7500D576F8 /* Podcast.swift */ = {isa = PBXFileReference; lastKnownFileType = sourcecode.swift; path = Podcast.swift; sourceTree = "<group>"; };
		563D8EA7228460E300F2A6CA /* EpisodesController.swift */ = {isa = PBXFileReference; lastKnownFileType = sourcecode.swift; path = EpisodesController.swift; sourceTree = "<group>"; };
		563DE3FB2286021B002AAB8A /* Episode.swift */ = {isa = PBXFileReference; lastKnownFileType = sourcecode.swift; path = Episode.swift; sourceTree = "<group>"; };
		563DE3FD2286035E002AAB8A /* EpisodeCell.swift */ = {isa = PBXFileReference; lastKnownFileType = sourcecode.swift; path = EpisodeCell.swift; sourceTree = "<group>"; };
		563DE3FE2286035E002AAB8A /* EpisodeCell.xib */ = {isa = PBXFileReference; lastKnownFileType = file.xib; path = EpisodeCell.xib; sourceTree = "<group>"; };
		563DE40122862D73002AAB8A /* RSSFeed.swift */ = {isa = PBXFileReference; lastKnownFileType = sourcecode.swift; path = RSSFeed.swift; sourceTree = "<group>"; };
		5645FAE3228701E0002740D1 /* PlayerDetailsView.xib */ = {isa = PBXFileReference; lastKnownFileType = file.xib; path = PlayerDetailsView.xib; sourceTree = "<group>"; };
		5645FAE5228705F0002740D1 /* PlayerDetailsView.swift */ = {isa = PBXFileReference; lastKnownFileType = sourcecode.swift; path = PlayerDetailsView.swift; sourceTree = "<group>"; };
		5648056822667F3E008CAD73 /* APIServices.swift */ = {isa = PBXFileReference; lastKnownFileType = sourcecode.swift; path = APIServices.swift; sourceTree = "<group>"; };
		5648056B226683BA008CAD73 /* PodcastCell.xib */ = {isa = PBXFileReference; lastKnownFileType = file.xib; path = PodcastCell.xib; sourceTree = "<group>"; };
		5648056D22668723008CAD73 /* PodcastCell.swift */ = {isa = PBXFileReference; lastKnownFileType = sourcecode.swift; path = PodcastCell.swift; sourceTree = "<group>"; };
		565A11C922B033C40077996D /* FavoritesController.swift */ = {isa = PBXFileReference; lastKnownFileType = sourcecode.swift; path = FavoritesController.swift; sourceTree = "<group>"; };
		565A11CD22B046420077996D /* FavoritePodcastCellCollectionViewCell.swift */ = {isa = PBXFileReference; fileEncoding = 4; lastKnownFileType = sourcecode.swift; path = FavoritePodcastCellCollectionViewCell.swift; sourceTree = "<group>"; };
		566B0FDC22B646A700097A70 /* DownloadsController.swift */ = {isa = PBXFileReference; lastKnownFileType = sourcecode.swift; path = DownloadsController.swift; sourceTree = "<group>"; };
		566B0FDE22B65E2400097A70 /* PSearchController.swift */ = {isa = PBXFileReference; fileEncoding = 4; lastKnownFileType = sourcecode.swift; path = PSearchController.swift; sourceTree = "<group>"; };
		56DB88F2224966E6000F7D3C /* PodcastsApp.app */ = {isa = PBXFileReference; explicitFileType = wrapper.application; includeInIndex = 0; path = PodcastsApp.app; sourceTree = BUILT_PRODUCTS_DIR; };
		56DB88F5224966E6000F7D3C /* AppDelegate.swift */ = {isa = PBXFileReference; lastKnownFileType = sourcecode.swift; path = AppDelegate.swift; sourceTree = "<group>"; };
		56DB88FC224966E8000F7D3C /* Assets.xcassets */ = {isa = PBXFileReference; lastKnownFileType = folder.assetcatalog; path = Assets.xcassets; sourceTree = "<group>"; };
		56DB88FF224966E8000F7D3C /* Base */ = {isa = PBXFileReference; lastKnownFileType = file.storyboard; name = Base; path = Base.lproj/LaunchScreen.storyboard; sourceTree = "<group>"; };
		56DB8901224966E8000F7D3C /* Info.plist */ = {isa = PBXFileReference; lastKnownFileType = text.plist.xml; path = Info.plist; sourceTree = "<group>"; };
		56DB89072249674F000F7D3C /* TabBarController.swift */ = {isa = PBXFileReference; lastKnownFileType = sourcecode.swift; path = TabBarController.swift; sourceTree = "<group>"; };
		56F4E6E022C94BFE00E02892 /* PlaceholderView.swift */ = {isa = PBXFileReference; lastKnownFileType = sourcecode.swift; path = PlaceholderView.swift; sourceTree = "<group>"; };
		56FC323D22651B3E008E5DD7 /* SUtils.swift */ = {isa = PBXFileReference; fileEncoding = 4; lastKnownFileType = sourcecode.swift; path = SUtils.swift; sourceTree = "<group>"; };
		5D4D50EEF55E1512ECB06F22 /* Pods-PodcastsApp.release.xcconfig */ = {isa = PBXFileReference; includeInIndex = 1; lastKnownFileType = text.xcconfig; name = "Pods-PodcastsApp.release.xcconfig"; path = "Pods/Target Support Files/Pods-PodcastsApp/Pods-PodcastsApp.release.xcconfig"; sourceTree = "<group>"; };
		6223AC8F1ABBDE582E35BB40 /* Pods-PodcastsApp.debug.xcconfig */ = {isa = PBXFileReference; includeInIndex = 1; lastKnownFileType = text.xcconfig; name = "Pods-PodcastsApp.debug.xcconfig"; path = "Pods/Target Support Files/Pods-PodcastsApp/Pods-PodcastsApp.debug.xcconfig"; sourceTree = "<group>"; };
		D629AF9AC10498D8C87924D2 /* Pods_PodcastsApp.framework */ = {isa = PBXFileReference; explicitFileType = wrapper.framework; includeInIndex = 0; path = Pods_PodcastsApp.framework; sourceTree = BUILT_PRODUCTS_DIR; };
/* End PBXFileReference section */

/* Begin PBXFrameworksBuildPhase section */
		56DB88EF224966E6000F7D3C /* Frameworks */ = {
			isa = PBXFrameworksBuildPhase;
			buildActionMask = 2147483647;
			files = (
				AACD116CAFC13F12A38FA032 /* Pods_PodcastsApp.framework in Frameworks */,
			);
			runOnlyForDeploymentPostprocessing = 0;
		};
/* End PBXFrameworksBuildPhase section */

/* Begin PBXGroup section */
		562E7EE322515D0C00D576F8 /* Controllers */ = {
			isa = PBXGroup;
			children = (
				566B0FDE22B65E2400097A70 /* PSearchController.swift */,
				563D8EA7228460E300F2A6CA /* EpisodesController.swift */,
				565A11C922B033C40077996D /* FavoritesController.swift */,
				566B0FDC22B646A700097A70 /* DownloadsController.swift */,
			);
			path = Controllers;
			sourceTree = "<group>";
		};
		562E7EE622515E6200D576F8 /* Models */ = {
			isa = PBXGroup;
			children = (
				562E7EE722515E7500D576F8 /* Podcast.swift */,
				563DE3FB2286021B002AAB8A /* Episode.swift */,
			);
			path = Models;
			sourceTree = "<group>";
		};
		5648056722667EF8008CAD73 /* API */ = {
			isa = PBXGroup;
			children = (
				5648056822667F3E008CAD73 /* APIServices.swift */,
			);
			path = API;
			sourceTree = "<group>";
		};
		5648056A22668365008CAD73 /* Views */ = {
			isa = PBXGroup;
			children = (
				5648056D22668723008CAD73 /* PodcastCell.swift */,
				563DE3FD2286035E002AAB8A /* EpisodeCell.swift */,
				5645FAE5228705F0002740D1 /* PlayerDetailsView.swift */,
				5648056B226683BA008CAD73 /* PodcastCell.xib */,
				563DE3FE2286035E002AAB8A /* EpisodeCell.xib */,
				5645FAE3228701E0002740D1 /* PlayerDetailsView.xib */,
				565A11CD22B046420077996D /* FavoritePodcastCellCollectionViewCell.swift */,
				56F4E6E022C94BFE00E02892 /* PlaceholderView.swift */,
			);
			path = Views;
			sourceTree = "<group>";
		};
		56DB88E9224966E6000F7D3C = {
			isa = PBXGroup;
			children = (
				56DB88F4224966E6000F7D3C /* PodcastsApp */,
				56DB88F3224966E6000F7D3C /* Products */,
				DDE65EC7876B0F145325E419 /* Pods */,
				97109C52D9140AF7C2DB1E22 /* Frameworks */,
			);
			sourceTree = "<group>";
		};
		56DB88F3224966E6000F7D3C /* Products */ = {
			isa = PBXGroup;
			children = (
				56DB88F2224966E6000F7D3C /* PodcastsApp.app */,
			);
			name = Products;
			sourceTree = "<group>";
		};
		56DB88F4224966E6000F7D3C /* PodcastsApp */ = {
			isa = PBXGroup;
			children = (
				56FC323C22651AF0008E5DD7 /* Helpers */,
				5648056722667EF8008CAD73 /* API */,
				562E7EE622515E6200D576F8 /* Models */,
				5648056A22668365008CAD73 /* Views */,
				562E7EE322515D0C00D576F8 /* Controllers */,
				56DB89072249674F000F7D3C /* TabBarController.swift */,
				56DB88F5224966E6000F7D3C /* AppDelegate.swift */,
				56DB890922496865000F7D3C /* Supporting Files */,
			);
			path = PodcastsApp;
			sourceTree = "<group>";
		};
		56DB890922496865000F7D3C /* Supporting Files */ = {
			isa = PBXGroup;
			children = (
				56DB88FC224966E8000F7D3C /* Assets.xcassets */,
				56DB88FE224966E8000F7D3C /* LaunchScreen.storyboard */,
				56DB8901224966E8000F7D3C /* Info.plist */,
			);
			path = "Supporting Files";
			sourceTree = "<group>";
		};
		56FC323C22651AF0008E5DD7 /* Helpers */ = {
			isa = PBXGroup;
			children = (
				56FC323D22651B3E008E5DD7 /* SUtils.swift */,
				563DE40122862D73002AAB8A /* RSSFeed.swift */,
			);
			path = Helpers;
			sourceTree = "<group>";
		};
		97109C52D9140AF7C2DB1E22 /* Frameworks */ = {
			isa = PBXGroup;
			children = (
				D629AF9AC10498D8C87924D2 /* Pods_PodcastsApp.framework */,
			);
			name = Frameworks;
			sourceTree = "<group>";
		};
		DDE65EC7876B0F145325E419 /* Pods */ = {
			isa = PBXGroup;
			children = (
				6223AC8F1ABBDE582E35BB40 /* Pods-PodcastsApp.debug.xcconfig */,
				5D4D50EEF55E1512ECB06F22 /* Pods-PodcastsApp.release.xcconfig */,
			);
			name = Pods;
			sourceTree = "<group>";
		};
/* End PBXGroup section */

/* Begin PBXNativeTarget section */
		56DB88F1224966E6000F7D3C /* PodcastsApp */ = {
			isa = PBXNativeTarget;
			buildConfigurationList = 56DB8904224966E8000F7D3C /* Build configuration list for PBXNativeTarget "PodcastsApp" */;
			buildPhases = (
				D635169F92D13F9AAA032661 /* [CP] Check Pods Manifest.lock */,
				56DB88EE224966E6000F7D3C /* Sources */,
				56DB88EF224966E6000F7D3C /* Frameworks */,
				56DB88F0224966E6000F7D3C /* Resources */,
				5689A802808FAA33B329D4A9 /* [CP] Embed Pods Frameworks */,
			);
			buildRules = (
			);
			dependencies = (
			);
			name = PodcastsApp;
			productName = PodcastsApp;
			productReference = 56DB88F2224966E6000F7D3C /* PodcastsApp.app */;
			productType = "com.apple.product-type.application";
		};
/* End PBXNativeTarget section */

/* Begin PBXProject section */
		56DB88EA224966E6000F7D3C /* Project object */ = {
			isa = PBXProject;
			attributes = {
				LastSwiftUpdateCheck = 1010;
				LastUpgradeCheck = 1010;
				ORGANIZATIONNAME = "Zinko Viacheslav";
				TargetAttributes = {
					56DB88F1224966E6000F7D3C = {
						CreatedOnToolsVersion = 10.1;
						SystemCapabilities = {
							com.apple.BackgroundModes = {
								enabled = 1;
							};
						};
					};
				};
			};
			buildConfigurationList = 56DB88ED224966E6000F7D3C /* Build configuration list for PBXProject "PodcastsApp" */;
			compatibilityVersion = "Xcode 9.3";
			developmentRegion = en;
			hasScannedForEncodings = 0;
			knownRegions = (
				en,
				Base,
			);
			mainGroup = 56DB88E9224966E6000F7D3C;
			productRefGroup = 56DB88F3224966E6000F7D3C /* Products */;
			projectDirPath = "";
			projectRoot = "";
			targets = (
				56DB88F1224966E6000F7D3C /* PodcastsApp */,
			);
		};
/* End PBXProject section */

/* Begin PBXResourcesBuildPhase section */
		56DB88F0224966E6000F7D3C /* Resources */ = {
			isa = PBXResourcesBuildPhase;
			buildActionMask = 2147483647;
			files = (
				56DB8900224966E8000F7D3C /* LaunchScreen.storyboard in Resources */,
				5645FAE4228701E0002740D1 /* PlayerDetailsView.xib in Resources */,
				563DE4002286035E002AAB8A /* EpisodeCell.xib in Resources */,
				56DB88FD224966E8000F7D3C /* Assets.xcassets in Resources */,
				5648056C226683BA008CAD73 /* PodcastCell.xib in Resources */,
			);
			runOnlyForDeploymentPostprocessing = 0;
		};
/* End PBXResourcesBuildPhase section */

/* Begin PBXShellScriptBuildPhase section */
		5689A802808FAA33B329D4A9 /* [CP] Embed Pods Frameworks */ = {
			isa = PBXShellScriptBuildPhase;
			buildActionMask = 2147483647;
			files = (
			);
			inputFileListPaths = (
			);
			inputPaths = (
				"${SRCROOT}/Pods/Target Support Files/Pods-PodcastsApp/Pods-PodcastsApp-frameworks.sh",
				"${BUILT_PRODUCTS_DIR}/Alamofire/Alamofire.framework",
				"${BUILT_PRODUCTS_DIR}/EmptyDataSet-Swift/EmptyDataSet_Swift.framework",
				"${BUILT_PRODUCTS_DIR}/FeedKit/FeedKit.framework",
				"${BUILT_PRODUCTS_DIR}/SDWebImage/SDWebImage.framework",
			);
			name = "[CP] Embed Pods Frameworks";
			outputFileListPaths = (
			);
			outputPaths = (
				"${TARGET_BUILD_DIR}/${FRAMEWORKS_FOLDER_PATH}/Alamofire.framework",
				"${TARGET_BUILD_DIR}/${FRAMEWORKS_FOLDER_PATH}/EmptyDataSet_Swift.framework",
				"${TARGET_BUILD_DIR}/${FRAMEWORKS_FOLDER_PATH}/FeedKit.framework",
				"${TARGET_BUILD_DIR}/${FRAMEWORKS_FOLDER_PATH}/SDWebImage.framework",
			);
			runOnlyForDeploymentPostprocessing = 0;
			shellPath = /bin/sh;
			shellScript = "\"${SRCROOT}/Pods/Target Support Files/Pods-PodcastsApp/Pods-PodcastsApp-frameworks.sh\"\n";
			showEnvVarsInLog = 0;
		};
		D635169F92D13F9AAA032661 /* [CP] Check Pods Manifest.lock */ = {
			isa = PBXShellScriptBuildPhase;
			buildActionMask = 2147483647;
			files = (
			);
			inputFileListPaths = (
			);
			inputPaths = (
				"${PODS_PODFILE_DIR_PATH}/Podfile.lock",
				"${PODS_ROOT}/Manifest.lock",
			);
			name = "[CP] Check Pods Manifest.lock";
			outputFileListPaths = (
			);
			outputPaths = (
				"$(DERIVED_FILE_DIR)/Pods-PodcastsApp-checkManifestLockResult.txt",
			);
			runOnlyForDeploymentPostprocessing = 0;
			shellPath = /bin/sh;
			shellScript = "diff \"${PODS_PODFILE_DIR_PATH}/Podfile.lock\" \"${PODS_ROOT}/Manifest.lock\" > /dev/null\nif [ $? != 0 ] ; then\n    # print error to STDERR\n    echo \"error: The sandbox is not in sync with the Podfile.lock. Run 'pod install' or update your CocoaPods installation.\" >&2\n    exit 1\nfi\n# This output is used by Xcode 'outputs' to avoid re-running this script phase.\necho \"SUCCESS\" > \"${SCRIPT_OUTPUT_FILE_0}\"\n";
			showEnvVarsInLog = 0;
		};
/* End PBXShellScriptBuildPhase section */

/* Begin PBXSourcesBuildPhase section */
		56DB88EE224966E6000F7D3C /* Sources */ = {
			isa = PBXSourcesBuildPhase;
			buildActionMask = 2147483647;
			files = (
				566B0FDD22B646A700097A70 /* DownloadsController.swift in Sources */,
				563DE40222862D73002AAB8A /* RSSFeed.swift in Sources */,
				5645FAE6228705F0002740D1 /* PlayerDetailsView.swift in Sources */,
				566B0FDF22B65E2400097A70 /* PSearchController.swift in Sources */,
				56FC323E22651B3E008E5DD7 /* SUtils.swift in Sources */,
				5648056E22668723008CAD73 /* PodcastCell.swift in Sources */,
				565A11CE22B046420077996D /* FavoritePodcastCellCollectionViewCell.swift in Sources */,
				563DE3FF2286035E002AAB8A /* EpisodeCell.swift in Sources */,
				563DE3FC2286021B002AAB8A /* Episode.swift in Sources */,
				56DB89082249674F000F7D3C /* TabBarController.swift in Sources */,
				5648056922667F3E008CAD73 /* APIServices.swift in Sources */,
				56DB88F6224966E6000F7D3C /* AppDelegate.swift in Sources */,
				565A11CA22B033C40077996D /* FavoritesController.swift in Sources */,
				562E7EE822515E7500D576F8 /* Podcast.swift in Sources */,
				56F4E6E122C94BFE00E02892 /* PlaceholderView.swift in Sources */,
				563D8EA8228460E300F2A6CA /* EpisodesController.swift in Sources */,
			);
			runOnlyForDeploymentPostprocessing = 0;
		};
/* End PBXSourcesBuildPhase section */

/* Begin PBXVariantGroup section */
		56DB88FE224966E8000F7D3C /* LaunchScreen.storyboard */ = {
			isa = PBXVariantGroup;
			children = (
				56DB88FF224966E8000F7D3C /* Base */,
			);
			name = LaunchScreen.storyboard;
			sourceTree = "<group>";
		};
/* End PBXVariantGroup section */

/* Begin XCBuildConfiguration section */
		56DB8902224966E8000F7D3C /* Debug */ = {
			isa = XCBuildConfiguration;
			buildSettings = {
				ALWAYS_SEARCH_USER_PATHS = NO;
				CLANG_ANALYZER_NONNULL = YES;
				CLANG_ANALYZER_NUMBER_OBJECT_CONVERSION = YES_AGGRESSIVE;
				CLANG_CXX_LANGUAGE_STANDARD = "gnu++14";
				CLANG_CXX_LIBRARY = "libc++";
				CLANG_ENABLE_MODULES = YES;
				CLANG_ENABLE_OBJC_ARC = YES;
				CLANG_ENABLE_OBJC_WEAK = YES;
				CLANG_WARN_BLOCK_CAPTURE_AUTORELEASING = YES;
				CLANG_WARN_BOOL_CONVERSION = YES;
				CLANG_WARN_COMMA = YES;
				CLANG_WARN_CONSTANT_CONVERSION = YES;
				CLANG_WARN_DEPRECATED_OBJC_IMPLEMENTATIONS = YES;
				CLANG_WARN_DIRECT_OBJC_ISA_USAGE = YES_ERROR;
				CLANG_WARN_DOCUMENTATION_COMMENTS = YES;
				CLANG_WARN_EMPTY_BODY = YES;
				CLANG_WARN_ENUM_CONVERSION = YES;
				CLANG_WARN_INFINITE_RECURSION = YES;
				CLANG_WARN_INT_CONVERSION = YES;
				CLANG_WARN_NON_LITERAL_NULL_CONVERSION = YES;
				CLANG_WARN_OBJC_IMPLICIT_RETAIN_SELF = YES;
				CLANG_WARN_OBJC_LITERAL_CONVERSION = YES;
				CLANG_WARN_OBJC_ROOT_CLASS = YES_ERROR;
				CLANG_WARN_RANGE_LOOP_ANALYSIS = YES;
				CLANG_WARN_STRICT_PROTOTYPES = YES;
				CLANG_WARN_SUSPICIOUS_MOVE = YES;
				CLANG_WARN_UNGUARDED_AVAILABILITY = YES_AGGRESSIVE;
				CLANG_WARN_UNREACHABLE_CODE = YES;
				CLANG_WARN__DUPLICATE_METHOD_MATCH = YES;
				CODE_SIGN_IDENTITY = "iPhone Developer";
				COPY_PHASE_STRIP = NO;
				DEBUG_INFORMATION_FORMAT = dwarf;
				ENABLE_STRICT_OBJC_MSGSEND = YES;
				ENABLE_TESTABILITY = YES;
				GCC_C_LANGUAGE_STANDARD = gnu11;
				GCC_DYNAMIC_NO_PIC = NO;
				GCC_NO_COMMON_BLOCKS = YES;
				GCC_OPTIMIZATION_LEVEL = 0;
				GCC_PREPROCESSOR_DEFINITIONS = (
					"DEBUG=1",
					"$(inherited)",
				);
				GCC_WARN_64_TO_32_BIT_CONVERSION = YES;
				GCC_WARN_ABOUT_RETURN_TYPE = YES_ERROR;
				GCC_WARN_UNDECLARED_SELECTOR = YES;
				GCC_WARN_UNINITIALIZED_AUTOS = YES_AGGRESSIVE;
				GCC_WARN_UNUSED_FUNCTION = YES;
				GCC_WARN_UNUSED_VARIABLE = YES;
				IPHONEOS_DEPLOYMENT_TARGET = 11.0;
				MTL_ENABLE_DEBUG_INFO = INCLUDE_SOURCE;
				MTL_FAST_MATH = YES;
				ONLY_ACTIVE_ARCH = YES;
				SDKROOT = iphoneos;
				SWIFT_ACTIVE_COMPILATION_CONDITIONS = DEBUG;
				SWIFT_OPTIMIZATION_LEVEL = "-Onone";
			};
			name = Debug;
		};
		56DB8903224966E8000F7D3C /* Release */ = {
			isa = XCBuildConfiguration;
			buildSettings = {
				ALWAYS_SEARCH_USER_PATHS = NO;
				CLANG_ANALYZER_NONNULL = YES;
				CLANG_ANALYZER_NUMBER_OBJECT_CONVERSION = YES_AGGRESSIVE;
				CLANG_CXX_LANGUAGE_STANDARD = "gnu++14";
				CLANG_CXX_LIBRARY = "libc++";
				CLANG_ENABLE_MODULES = YES;
				CLANG_ENABLE_OBJC_ARC = YES;
				CLANG_ENABLE_OBJC_WEAK = YES;
				CLANG_WARN_BLOCK_CAPTURE_AUTORELEASING = YES;
				CLANG_WARN_BOOL_CONVERSION = YES;
				CLANG_WARN_COMMA = YES;
				CLANG_WARN_CONSTANT_CONVERSION = YES;
				CLANG_WARN_DEPRECATED_OBJC_IMPLEMENTATIONS = YES;
				CLANG_WARN_DIRECT_OBJC_ISA_USAGE = YES_ERROR;
				CLANG_WARN_DOCUMENTATION_COMMENTS = YES;
				CLANG_WARN_EMPTY_BODY = YES;
				CLANG_WARN_ENUM_CONVERSION = YES;
				CLANG_WARN_INFINITE_RECURSION = YES;
				CLANG_WARN_INT_CONVERSION = YES;
				CLANG_WARN_NON_LITERAL_NULL_CONVERSION = YES;
				CLANG_WARN_OBJC_IMPLICIT_RETAIN_SELF = YES;
				CLANG_WARN_OBJC_LITERAL_CONVERSION = YES;
				CLANG_WARN_OBJC_ROOT_CLASS = YES_ERROR;
				CLANG_WARN_RANGE_LOOP_ANALYSIS = YES;
				CLANG_WARN_STRICT_PROTOTYPES = YES;
				CLANG_WARN_SUSPICIOUS_MOVE = YES;
				CLANG_WARN_UNGUARDED_AVAILABILITY = YES_AGGRESSIVE;
				CLANG_WARN_UNREACHABLE_CODE = YES;
				CLANG_WARN__DUPLICATE_METHOD_MATCH = YES;
				CODE_SIGN_IDENTITY = "iPhone Developer";
				COPY_PHASE_STRIP = NO;
				DEBUG_INFORMATION_FORMAT = "dwarf-with-dsym";
				ENABLE_NS_ASSERTIONS = NO;
				ENABLE_STRICT_OBJC_MSGSEND = YES;
				GCC_C_LANGUAGE_STANDARD = gnu11;
				GCC_NO_COMMON_BLOCKS = YES;
				GCC_WARN_64_TO_32_BIT_CONVERSION = YES;
				GCC_WARN_ABOUT_RETURN_TYPE = YES_ERROR;
				GCC_WARN_UNDECLARED_SELECTOR = YES;
				GCC_WARN_UNINITIALIZED_AUTOS = YES_AGGRESSIVE;
				GCC_WARN_UNUSED_FUNCTION = YES;
				GCC_WARN_UNUSED_VARIABLE = YES;
				IPHONEOS_DEPLOYMENT_TARGET = 11.0;
				MTL_ENABLE_DEBUG_INFO = NO;
				MTL_FAST_MATH = YES;
				SDKROOT = iphoneos;
				SWIFT_COMPILATION_MODE = wholemodule;
				SWIFT_OPTIMIZATION_LEVEL = "-O";
				VALIDATE_PRODUCT = YES;
			};
			name = Release;
		};
		56DB8905224966E8000F7D3C /* Debug */ = {
			isa = XCBuildConfiguration;
			baseConfigurationReference = 6223AC8F1ABBDE582E35BB40 /* Pods-PodcastsApp.debug.xcconfig */;
			buildSettings = {
				ASSETCATALOG_COMPILER_APPICON_NAME = AppIcon;
				CODE_SIGN_STYLE = Automatic;
				DEVELOPMENT_TEAM = LC7P3687MC;
				INFOPLIST_FILE = "$(SRCROOT)/PodcastsApp/Supporting Files/Info.plist";
				LD_RUNPATH_SEARCH_PATHS = (
					"$(inherited)",
					"@executable_path/Frameworks",
				);
				PRODUCT_BUNDLE_IDENTIFIER = com.zslavman.PodcastsApp;
				PRODUCT_NAME = "$(TARGET_NAME)";
				SWIFT_VERSION = 4.2;
				TARGETED_DEVICE_FAMILY = "1,2";
			};
			name = Debug;
		};
		56DB8906224966E8000F7D3C /* Release */ = {
			isa = XCBuildConfiguration;
			baseConfigurationReference = 5D4D50EEF55E1512ECB06F22 /* Pods-PodcastsApp.release.xcconfig */;
			buildSettings = {
				ASSETCATALOG_COMPILER_APPICON_NAME = AppIcon;
				CODE_SIGN_STYLE = Automatic;
				DEVELOPMENT_TEAM = LC7P3687MC;
				INFOPLIST_FILE = "$(SRCROOT)/PodcastsApp/Supporting Files/Info.plist";
				LD_RUNPATH_SEARCH_PATHS = (
					"$(inherited)",
					"@executable_path/Frameworks",
				);
				PRODUCT_BUNDLE_IDENTIFIER = com.zslavman.PodcastsApp;
				PRODUCT_NAME = "$(TARGET_NAME)";
				SWIFT_VERSION = 4.2;
				TARGETED_DEVICE_FAMILY = "1,2";
			};
			name = Release;
		};
/* End XCBuildConfiguration section */

/* Begin XCConfigurationList section */
		56DB88ED224966E6000F7D3C /* Build configuration list for PBXProject "PodcastsApp" */ = {
			isa = XCConfigurationList;
			buildConfigurations = (
				56DB8902224966E8000F7D3C /* Debug */,
				56DB8903224966E8000F7D3C /* Release */,
			);
			defaultConfigurationIsVisible = 0;
			defaultConfigurationName = Release;
		};
		56DB8904224966E8000F7D3C /* Build configuration list for PBXNativeTarget "PodcastsApp" */ = {
			isa = XCConfigurationList;
			buildConfigurations = (
				56DB8905224966E8000F7D3C /* Debug */,
				56DB8906224966E8000F7D3C /* Release */,
			);
			defaultConfigurationIsVisible = 0;
			defaultConfigurationName = Release;
		};
/* End XCConfigurationList section */
	};
	rootObject = 56DB88EA224966E6000F7D3C /* Project object */;
}
